// !$*UTF8*$!
{
	archiveVersion = 1;
	classes = {
	};
	objectVersion = 48;
	objects = {

/* Begin PBXBuildFile section */
		C37E02501F95ABC100C2212F /* AppDelegate.swift in Sources */ = {isa = PBXBuildFile; fileRef = C37E024F1F95ABC100C2212F /* AppDelegate.swift */; };
		C37E02521F95ABC100C2212F /* ViewController.swift in Sources */ = {isa = PBXBuildFile; fileRef = C37E02511F95ABC100C2212F /* ViewController.swift */; };
		C37E02551F95ABC100C2212F /* Main.storyboard in Resources */ = {isa = PBXBuildFile; fileRef = C37E02531F95ABC100C2212F /* Main.storyboard */; };
		C37E02571F95ABC200C2212F /* Assets.xcassets in Resources */ = {isa = PBXBuildFile; fileRef = C37E02561F95ABC200C2212F /* Assets.xcassets */; };
		C37E025A1F95ABC200C2212F /* LaunchScreen.storyboard in Resources */ = {isa = PBXBuildFile; fileRef = C37E02581F95ABC200C2212F /* LaunchScreen.storyboard */; };
		C37E02651F95ABC200C2212F /* Quiz17OktNo1Tests.swift in Sources */ = {isa = PBXBuildFile; fileRef = C37E02641F95ABC200C2212F /* Quiz17OktNo1Tests.swift */; };
		C37E02701F95ABC200C2212F /* Quiz17OktNo1UITests.swift in Sources */ = {isa = PBXBuildFile; fileRef = C37E026F1F95ABC200C2212F /* Quiz17OktNo1UITests.swift */; };
		C37E027E1F95ABE600C2212F /* QuizTableViewController.swift in Sources */ = {isa = PBXBuildFile; fileRef = C37E027D1F95ABE600C2212F /* QuizTableViewController.swift */; };
/* End PBXBuildFile section */

/* Begin PBXContainerItemProxy section */
		C37E02611F95ABC200C2212F /* PBXContainerItemProxy */ = {
			isa = PBXContainerItemProxy;
			containerPortal = C37E02441F95ABC100C2212F /* Project object */;
			proxyType = 1;
			remoteGlobalIDString = C37E024B1F95ABC100C2212F;
			remoteInfo = Quiz17OktNo1;
		};
		C37E026C1F95ABC200C2212F /* PBXContainerItemProxy */ = {
			isa = PBXContainerItemProxy;
			containerPortal = C37E02441F95ABC100C2212F /* Project object */;
			proxyType = 1;
			remoteGlobalIDString = C37E024B1F95ABC100C2212F;
			remoteInfo = Quiz17OktNo1;
		};
/* End PBXContainerItemProxy section */

/* Begin PBXFileReference section */
		C37E024C1F95ABC100C2212F /* Quiz17OktNo1.app */ = {isa = PBXFileReference; explicitFileType = wrapper.application; includeInIndex = 0; path = Quiz17OktNo1.app; sourceTree = BUILT_PRODUCTS_DIR; };
		C37E024F1F95ABC100C2212F /* AppDelegate.swift */ = {isa = PBXFileReference; lastKnownFileType = sourcecode.swift; path = AppDelegate.swift; sourceTree = "<group>"; };
		C37E02511F95ABC100C2212F /* ViewController.swift */ = {isa = PBXFileReference; lastKnownFileType = sourcecode.swift; path = ViewController.swift; sourceTree = "<group>"; };
		C37E02541F95ABC100C2212F /* Base */ = {isa = PBXFileReference; lastKnownFileType = file.storyboard; name = Base; path = Base.lproj/Main.storyboard; sourceTree = "<group>"; };
		C37E02561F95ABC200C2212F /* Assets.xcassets */ = {isa = PBXFileReference; lastKnownFileType = folder.assetcatalog; path = Assets.xcassets; sourceTree = "<group>"; };
		C37E02591F95ABC200C2212F /* Base */ = {isa = PBXFileReference; lastKnownFileType = file.storyboard; name = Base; path = Base.lproj/LaunchScreen.storyboard; sourceTree = "<group>"; };
		C37E025B1F95ABC200C2212F /* Info.plist */ = {isa = PBXFileReference; lastKnownFileType = text.plist.xml; path = Info.plist; sourceTree = "<group>"; };
		C37E02601F95ABC200C2212F /* Quiz17OktNo1Tests.xctest */ = {isa = PBXFileReference; explicitFileType = wrapper.cfbundle; includeInIndex = 0; path = Quiz17OktNo1Tests.xctest; sourceTree = BUILT_PRODUCTS_DIR; };
		C37E02641F95ABC200C2212F /* Quiz17OktNo1Tests.swift */ = {isa = PBXFileReference; lastKnownFileType = sourcecode.swift; path = Quiz17OktNo1Tests.swift; sourceTree = "<group>"; };
		C37E02661F95ABC200C2212F /* Info.plist */ = {isa = PBXFileReference; lastKnownFileType = text.plist.xml; path = Info.plist; sourceTree = "<group>"; };
		C37E026B1F95ABC200C2212F /* Quiz17OktNo1UITests.xctest */ = {isa = PBXFileReference; explicitFileType = wrapper.cfbundle; includeInIndex = 0; path = Quiz17OktNo1UITests.xctest; sourceTree = BUILT_PRODUCTS_DIR; };
		C37E026F1F95ABC200C2212F /* Quiz17OktNo1UITests.swift */ = {isa = PBXFileReference; lastKnownFileType = sourcecode.swift; path = Quiz17OktNo1UITests.swift; sourceTree = "<group>"; };
		C37E02711F95ABC200C2212F /* Info.plist */ = {isa = PBXFileReference; lastKnownFileType = text.plist.xml; path = Info.plist; sourceTree = "<group>"; };
		C37E027D1F95ABE600C2212F /* QuizTableViewController.swift */ = {isa = PBXFileReference; lastKnownFileType = sourcecode.swift; path = QuizTableViewController.swift; sourceTree = "<group>"; };
/* End PBXFileReference section */

/* Begin PBXFrameworksBuildPhase section */
		C37E02491F95ABC100C2212F /* Frameworks */ = {
			isa = PBXFrameworksBuildPhase;
			buildActionMask = 2147483647;
			files = (
			);
			runOnlyForDeploymentPostprocessing = 0;
		};
		C37E025D1F95ABC200C2212F /* Frameworks */ = {
			isa = PBXFrameworksBuildPhase;
			buildActionMask = 2147483647;
			files = (
			);
			runOnlyForDeploymentPostprocessing = 0;
		};
		C37E02681F95ABC200C2212F /* Frameworks */ = {
			isa = PBXFrameworksBuildPhase;
			buildActionMask = 2147483647;
			files = (
			);
			runOnlyForDeploymentPostprocessing = 0;
		};
/* End PBXFrameworksBuildPhase section */

/* Begin PBXGroup section */
		C37E02431F95ABC100C2212F = {
			isa = PBXGroup;
			children = (
				C37E027D1F95ABE600C2212F /* QuizTableViewController.swift */,
				C37E024E1F95ABC100C2212F /* Quiz17OktNo1 */,
				C37E02631F95ABC200C2212F /* Quiz17OktNo1Tests */,
				C37E026E1F95ABC200C2212F /* Quiz17OktNo1UITests */,
				C37E024D1F95ABC100C2212F /* Products */,
			);
			sourceTree = "<group>";
		};
		C37E024D1F95ABC100C2212F /* Products */ = {
			isa = PBXGroup;
			children = (
				C37E024C1F95ABC100C2212F /* Quiz17OktNo1.app */,
				C37E02601F95ABC200C2212F /* Quiz17OktNo1Tests.xctest */,
				C37E026B1F95ABC200C2212F /* Quiz17OktNo1UITests.xctest */,
			);
			name = Products;
			sourceTree = "<group>";
		};
		C37E024E1F95ABC100C2212F /* Quiz17OktNo1 */ = {
			isa = PBXGroup;
			children = (
				C37E024F1F95ABC100C2212F /* AppDelegate.swift */,
				C37E02511F95ABC100C2212F /* ViewController.swift */,
				C37E02531F95ABC100C2212F /* Main.storyboard */,
				C37E02561F95ABC200C2212F /* Assets.xcassets */,
				C37E02581F95ABC200C2212F /* LaunchScreen.storyboard */,
				C37E025B1F95ABC200C2212F /* Info.plist */,
			);
			path = Quiz17OktNo1;
			sourceTree = "<group>";
		};
		C37E02631F95ABC200C2212F /* Quiz17OktNo1Tests */ = {
			isa = PBXGroup;
			children = (
				C37E02641F95ABC200C2212F /* Quiz17OktNo1Tests.swift */,
				C37E02661F95ABC200C2212F /* Info.plist */,
			);
			path = Quiz17OktNo1Tests;
			sourceTree = "<group>";
		};
		C37E026E1F95ABC200C2212F /* Quiz17OktNo1UITests */ = {
			isa = PBXGroup;
			children = (
				C37E026F1F95ABC200C2212F /* Quiz17OktNo1UITests.swift */,
				C37E02711F95ABC200C2212F /* Info.plist */,
			);
			path = Quiz17OktNo1UITests;
			sourceTree = "<group>";
		};
/* End PBXGroup section */

/* Begin PBXNativeTarget section */
		C37E024B1F95ABC100C2212F /* Quiz17OktNo1 */ = {
			isa = PBXNativeTarget;
			buildConfigurationList = C37E02741F95ABC200C2212F /* Build configuration list for PBXNativeTarget "Quiz17OktNo1" */;
			buildPhases = (
				C37E02481F95ABC100C2212F /* Sources */,
				C37E02491F95ABC100C2212F /* Frameworks */,
				C37E024A1F95ABC100C2212F /* Resources */,
			);
			buildRules = (
			);
			dependencies = (
			);
			name = Quiz17OktNo1;
			productName = Quiz17OktNo1;
			productReference = C37E024C1F95ABC100C2212F /* Quiz17OktNo1.app */;
			productType = "com.apple.product-type.application";
		};
		C37E025F1F95ABC200C2212F /* Quiz17OktNo1Tests */ = {
			isa = PBXNativeTarget;
			buildConfigurationList = C37E02771F95ABC200C2212F /* Build configuration list for PBXNativeTarget "Quiz17OktNo1Tests" */;
			buildPhases = (
				C37E025C1F95ABC200C2212F /* Sources */,
				C37E025D1F95ABC200C2212F /* Frameworks */,
				C37E025E1F95ABC200C2212F /* Resources */,
			);
			buildRules = (
			);
			dependencies = (
				C37E02621F95ABC200C2212F /* PBXTargetDependency */,
			);
			name = Quiz17OktNo1Tests;
			productName = Quiz17OktNo1Tests;
			productReference = C37E02601F95ABC200C2212F /* Quiz17OktNo1Tests.xctest */;
			productType = "com.apple.product-type.bundle.unit-test";
		};
		C37E026A1F95ABC200C2212F /* Quiz17OktNo1UITests */ = {
			isa = PBXNativeTarget;
			buildConfigurationList = C37E027A1F95ABC200C2212F /* Build configuration list for PBXNativeTarget "Quiz17OktNo1UITests" */;
			buildPhases = (
				C37E02671F95ABC200C2212F /* Sources */,
				C37E02681F95ABC200C2212F /* Frameworks */,
				C37E02691F95ABC200C2212F /* Resources */,
			);
			buildRules = (
			);
			dependencies = (
				C37E026D1F95ABC200C2212F /* PBXTargetDependency */,
			);
			name = Quiz17OktNo1UITests;
			productName = Quiz17OktNo1UITests;
			productReference = C37E026B1F95ABC200C2212F /* Quiz17OktNo1UITests.xctest */;
			productType = "com.apple.product-type.bundle.ui-testing";
		};
/* End PBXNativeTarget section */

/* Begin PBXProject section */
		C37E02441F95ABC100C2212F /* Project object */ = {
			isa = PBXProject;
			attributes = {
				LastSwiftUpdateCheck = 0900;
				LastUpgradeCheck = 0900;
				ORGANIZATIONNAME = "SMK IDN";
				TargetAttributes = {
					C37E024B1F95ABC100C2212F = {
						CreatedOnToolsVersion = 9.0;
						ProvisioningStyle = Automatic;
					};
					C37E025F1F95ABC200C2212F = {
						CreatedOnToolsVersion = 9.0;
						ProvisioningStyle = Automatic;
						TestTargetID = C37E024B1F95ABC100C2212F;
					};
					C37E026A1F95ABC200C2212F = {
						CreatedOnToolsVersion = 9.0;
						ProvisioningStyle = Automatic;
						TestTargetID = C37E024B1F95ABC100C2212F;
					};
				};
			};
			buildConfigurationList = C37E02471F95ABC100C2212F /* Build configuration list for PBXProject "Quiz17OktNo1" */;
			compatibilityVersion = "Xcode 8.0";
			developmentRegion = en;
			hasScannedForEncodings = 0;
			knownRegions = (
				en,
				Base,
			);
			mainGroup = C37E02431F95ABC100C2212F;
			productRefGroup = C37E024D1F95ABC100C2212F /* Products */;
			projectDirPath = "";
			projectRoot = "";
			targets = (
				C37E024B1F95ABC100C2212F /* Quiz17OktNo1 */,
				C37E025F1F95ABC200C2212F /* Quiz17OktNo1Tests */,
				C37E026A1F95ABC200C2212F /* Quiz17OktNo1UITests */,
			);
		};
/* End PBXProject section */

/* Begin PBXResourcesBuildPhase section */
		C37E024A1F95ABC100C2212F /* Resources */ = {
			isa = PBXResourcesBuildPhase;
			buildActionMask = 2147483647;
			files = (
				C37E025A1F95ABC200C2212F /* LaunchScreen.storyboard in Resources */,
				C37E02571F95ABC200C2212F /* Assets.xcassets in Resources */,
				C37E02551F95ABC100C2212F /* Main.storyboard in Resources */,
			);
			runOnlyForDeploymentPostprocessing = 0;
		};
		C37E025E1F95ABC200C2212F /* Resources */ = {
			isa = PBXResourcesBuildPhase;
			buildActionMask = 2147483647;
			files = (
			);
			runOnlyForDeploymentPostprocessing = 0;
		};
		C37E02691F95ABC200C2212F /* Resources */ = {
			isa = PBXResourcesBuildPhase;
			buildActionMask = 2147483647;
			files = (
			);
			runOnlyForDeploymentPostprocessing = 0;
		};
/* End PBXResourcesBuildPhase section */

/* Begin PBXSourcesBuildPhase section */
		C37E02481F95ABC100C2212F /* Sources */ = {
			isa = PBXSourcesBuildPhase;
			buildActionMask = 2147483647;
			files = (
				C37E02521F95ABC100C2212F /* ViewController.swift in Sources */,
				C37E02501F95ABC100C2212F /* AppDelegate.swift in Sources */,
				C37E027E1F95ABE600C2212F /* QuizTableViewController.swift in Sources */,
			);
			runOnlyForDeploymentPostprocessing = 0;
		};
		C37E025C1F95ABC200C2212F /* Sources */ = {
			isa = PBXSourcesBuildPhase;
			buildActionMask = 2147483647;
			files = (
				C37E02651F95ABC200C2212F /* Quiz17OktNo1Tests.swift in Sources */,
			);
			runOnlyForDeploymentPostprocessing = 0;
		};
		C37E02671F95ABC200C2212F /* Sources */ = {
			isa = PBXSourcesBuildPhase;
			buildActionMask = 2147483647;
			files = (
				C37E02701F95ABC200C2212F /* Quiz17OktNo1UITests.swift in Sources */,
			);
			runOnlyForDeploymentPostprocessing = 0;
		};
/* End PBXSourcesBuildPhase section */

/* Begin PBXTargetDependency section */
		C37E02621F95ABC200C2212F /* PBXTargetDependency */ = {
			isa = PBXTargetDependency;
			target = C37E024B1F95ABC100C2212F /* Quiz17OktNo1 */;
			targetProxy = C37E02611F95ABC200C2212F /* PBXContainerItemProxy */;
		};
		C37E026D1F95ABC200C2212F /* PBXTargetDependency */ = {
			isa = PBXTargetDependency;
			target = C37E024B1F95ABC100C2212F /* Quiz17OktNo1 */;
			targetProxy = C37E026C1F95ABC200C2212F /* PBXContainerItemProxy */;
		};
/* End PBXTargetDependency section */

/* Begin PBXVariantGroup section */
		C37E02531F95ABC100C2212F /* Main.storyboard */ = {
			isa = PBXVariantGroup;
			children = (
				C37E02541F95ABC100C2212F /* Base */,
			);
			name = Main.storyboard;
			sourceTree = "<group>";
		};
		C37E02581F95ABC200C2212F /* LaunchScreen.storyboard */ = {
			isa = PBXVariantGroup;
			children = (
				C37E02591F95ABC200C2212F /* Base */,
			);
			name = LaunchScreen.storyboard;
			sourceTree = "<group>";
		};
/* End PBXVariantGroup section */

/* Begin XCBuildConfiguration section */
		C37E02721F95ABC200C2212F /* Debug */ = {
			isa = XCBuildConfiguration;
			buildSettings = {
				ALWAYS_SEARCH_USER_PATHS = NO;
				CLANG_ANALYZER_NONNULL = YES;
				CLANG_ANALYZER_NUMBER_OBJECT_CONVERSION = YES_AGGRESSIVE;
				CLANG_CXX_LANGUAGE_STANDARD = "gnu++14";
				CLANG_CXX_LIBRARY = "libc++";
				CLANG_ENABLE_MODULES = YES;
				CLANG_ENABLE_OBJC_ARC = YES;
				CLANG_WARN_BLOCK_CAPTURE_AUTORELEASING = YES;
				CLANG_WARN_BOOL_CONVERSION = YES;
				CLANG_WARN_COMMA = YES;
				CLANG_WARN_CONSTANT_CONVERSION = YES;
				CLANG_WARN_DIRECT_OBJC_ISA_USAGE = YES_ERROR;
				CLANG_WARN_DOCUMENTATION_COMMENTS = YES;
				CLANG_WARN_EMPTY_BODY = YES;
				CLANG_WARN_ENUM_CONVERSION = YES;
				CLANG_WARN_INFINITE_RECURSION = YES;
				CLANG_WARN_INT_CONVERSION = YES;
				CLANG_WARN_NON_LITERAL_NULL_CONVERSION = YES;
				CLANG_WARN_OBJC_LITERAL_CONVERSION = YES;
				CLANG_WARN_OBJC_ROOT_CLASS = YES_ERROR;
				CLANG_WARN_RANGE_LOOP_ANALYSIS = YES;
				CLANG_WARN_STRICT_PROTOTYPES = YES;
				CLANG_WARN_SUSPICIOUS_MOVE = YES;
				CLANG_WARN_UNGUARDED_AVAILABILITY = YES_AGGRESSIVE;
				CLANG_WARN_UNREACHABLE_CODE = YES;
				CLANG_WARN__DUPLICATE_METHOD_MATCH = YES;
				CODE_SIGN_IDENTITY = "iPhone Developer";
				COPY_PHASE_STRIP = NO;
				DEBUG_INFORMATION_FORMAT = dwarf;
				ENABLE_STRICT_OBJC_MSGSEND = YES;
				ENABLE_TESTABILITY = YES;
				GCC_C_LANGUAGE_STANDARD = gnu11;
				GCC_DYNAMIC_NO_PIC = NO;
				GCC_NO_COMMON_BLOCKS = YES;
				GCC_OPTIMIZATION_LEVEL = 0;
				GCC_PREPROCESSOR_DEFINITIONS = (
					"DEBUG=1",
					"$(inherited)",
				);
				GCC_WARN_64_TO_32_BIT_CONVERSION = YES;
				GCC_WARN_ABOUT_RETURN_TYPE = YES_ERROR;
				GCC_WARN_UNDECLARED_SELECTOR = YES;
				GCC_WARN_UNINITIALIZED_AUTOS = YES_AGGRESSIVE;
				GCC_WARN_UNUSED_FUNCTION = YES;
				GCC_WARN_UNUSED_VARIABLE = YES;
				IPHONEOS_DEPLOYMENT_TARGET = 11.0;
				MTL_ENABLE_DEBUG_INFO = YES;
				ONLY_ACTIVE_ARCH = YES;
				SDKROOT = iphoneos;
				SWIFT_ACTIVE_COMPILATION_CONDITIONS = DEBUG;
				SWIFT_OPTIMIZATION_LEVEL = "-Onone";
			};
			name = Debug;
		};
		C37E02731F95ABC200C2212F /* Release */ = {
			isa = XCBuildConfiguration;
			buildSettings = {
				ALWAYS_SEARCH_USER_PATHS = NO;
				CLANG_ANALYZER_NONNULL = YES;
				CLANG_ANALYZER_NUMBER_OBJECT_CONVERSION = YES_AGGRESSIVE;
				CLANG_CXX_LANGUAGE_STANDARD = "gnu++14";
				CLANG_CXX_LIBRARY = "libc++";
				CLANG_ENABLE_MODULES = YES;
				CLANG_ENABLE_OBJC_ARC = YES;
				CLANG_WARN_BLOCK_CAPTURE_AUTORELEASING = YES;
				CLANG_WARN_BOOL_CONVERSION = YES;
				CLANG_WARN_COMMA = YES;
				CLANG_WARN_CONSTANT_CONVERSION = YES;
				CLANG_WARN_DIRECT_OBJC_ISA_USAGE = YES_ERROR;
				CLANG_WARN_DOCUMENTATION_COMMENTS = YES;
				CLANG_WARN_EMPTY_BODY = YES;
				CLANG_WARN_ENUM_CONVERSION = YES;
				CLANG_WARN_INFINITE_RECURSION = YES;
				CLANG_WARN_INT_CONVERSION = YES;
				CLANG_WARN_NON_LITERAL_NULL_CONVERSION = YES;
				CLANG_WARN_OBJC_LITERAL_CONVERSION = YES;
				CLANG_WARN_OBJC_ROOT_CLASS = YES_ERROR;
				CLANG_WARN_RANGE_LOOP_ANALYSIS = YES;
				CLANG_WARN_STRICT_PROTOTYPES = YES;
				CLANG_WARN_SUSPICIOUS_MOVE = YES;
				CLANG_WARN_UNGUARDED_AVAILABILITY = YES_AGGRESSIVE;
				CLANG_WARN_UNREACHABLE_CODE = YES;
				CLANG_WARN__DUPLICATE_METHOD_MATCH = YES;
				CODE_SIGN_IDENTITY = "iPhone Developer";
				COPY_PHASE_STRIP = NO;
				DEBUG_INFORMATION_FORMAT = "dwarf-with-dsym";
				ENABLE_NS_ASSERTIONS = NO;
				ENABLE_STRICT_OBJC_MSGSEND = YES;
				GCC_C_LANGUAGE_STANDARD = gnu11;
				GCC_NO_COMMON_BLOCKS = YES;
				GCC_WARN_64_TO_32_BIT_CONVERSION = YES;
				GCC_WARN_ABOUT_RETURN_TYPE = YES_ERROR;
				GCC_WARN_UNDECLARED_SELECTOR = YES;
				GCC_WARN_UNINITIALIZED_AUTOS = YES_AGGRESSIVE;
				GCC_WARN_UNUSED_FUNCTION = YES;
				GCC_WARN_UNUSED_VARIABLE = YES;
				IPHONEOS_DEPLOYMENT_TARGET = 11.0;
				MTL_ENABLE_DEBUG_INFO = NO;
				SDKROOT = iphoneos;
				SWIFT_OPTIMIZATION_LEVEL = "-Owholemodule";
				VALIDATE_PRODUCT = YES;
			};
			name = Release;
		};
		C37E02751F95ABC200C2212F /* Debug */ = {
			isa = XCBuildConfiguration;
			buildSettings = {
				ASSETCATALOG_COMPILER_APPICON_NAME = AppIcon;
				CODE_SIGN_STYLE = Automatic;
				INFOPLIST_FILE = Quiz17OktNo1/Info.plist;
				LD_RUNPATH_SEARCH_PATHS = "$(inherited) @executable_path/Frameworks";
				PRODUCT_BUNDLE_IDENTIFIER = MI.Quiz17OktNo1;
				PRODUCT_NAME = "$(TARGET_NAME)";
				SWIFT_VERSION = 4.0;
				TARGETED_DEVICE_FAMILY = "1,2";
			};
			name = Debug;
		};
		C37E02761F95ABC200C2212F /* Release */ = {
			isa = XCBuildConfiguration;
			buildSettings = {
				ASSETCATALOG_COMPILER_APPICON_NAME = AppIcon;
				CODE_SIGN_STYLE = Automatic;
				INFOPLIST_FILE = Quiz17OktNo1/Info.plist;
				LD_RUNPATH_SEARCH_PATHS = "$(inherited) @executable_path/Frameworks";
				PRODUCT_BUNDLE_IDENTIFIER = MI.Quiz17OktNo1;
				PRODUCT_NAME = "$(TARGET_NAME)";
				SWIFT_VERSION = 4.0;
				TARGETED_DEVICE_FAMILY = "1,2";
			};
			name = Release;
		};
		C37E02781F95ABC200C2212F /* Debug */ = {
			isa = XCBuildConfiguration;
			buildSettings = {
				ALWAYS_EMBED_SWIFT_STANDARD_LIBRARIES = YES;
				BUNDLE_LOADER = "$(TEST_HOST)";
				CODE_SIGN_STYLE = Automatic;
				INFOPLIST_FILE = Quiz17OktNo1Tests/Info.plist;
				LD_RUNPATH_SEARCH_PATHS = "$(inherited) @executable_path/Frameworks @loader_path/Frameworks";
				PRODUCT_BUNDLE_IDENTIFIER = MI.Quiz17OktNo1Tests;
				PRODUCT_NAME = "$(TARGET_NAME)";
				SWIFT_VERSION = 4.0;
				TARGETED_DEVICE_FAMILY = "1,2";
				TEST_HOST = "$(BUILT_PRODUCTS_DIR)/Quiz17OktNo1.app/Quiz17OktNo1";
			};
			name = Debug;
		};
		C37E02791F95ABC200C2212F /* Release */ = {
			isa = XCBuildConfiguration;
			buildSettings = {
				ALWAYS_EMBED_SWIFT_STANDARD_LIBRARIES = YES;
				BUNDLE_LOADER = "$(TEST_HOST)";
				CODE_SIGN_STYLE = Automatic;
				INFOPLIST_FILE = Quiz17OktNo1Tests/Info.plist;
				LD_RUNPATH_SEARCH_PATHS = "$(inherited) @executable_path/Frameworks @loader_path/Frameworks";
				PRODUCT_BUNDLE_IDENTIFIER = MI.Quiz17OktNo1Tests;
				PRODUCT_NAME = "$(TARGET_NAME)";
				SWIFT_VERSION = 4.0;
				TARGETED_DEVICE_FAMILY = "1,2";
				TEST_HOST = "$(BUILT_PRODUCTS_DIR)/Quiz17OktNo1.app/Quiz17OktNo1";
			};
			name = Release;
		};
		C37E027B1F95ABC200C2212F /* Debug */ = {
			isa = XCBuildConfiguration;
			buildSettings = {
				ALWAYS_EMBED_SWIFT_STANDARD_LIBRARIES = YES;
				CODE_SIGN_STYLE = Automatic;
				INFOPLIST_FILE = Quiz17OktNo1UITests/Info.plist;
				LD_RUNPATH_SEARCH_PATHS = "$(inherited) @executable_path/Frameworks @loader_path/Frameworks";
				PRODUCT_BUNDLE_IDENTIFIER = MI.Quiz17OktNo1UITests;
				PRODUCT_NAME = "$(TARGET_NAME)";
				SWIFT_VERSION = 4.0;
				TARGETED_DEVICE_FAMILY = "1,2";
				TEST_TARGET_NAME = Quiz17OktNo1;
			};
			name = Debug;
		};
		C37E027C1F95ABC200C2212F /* Release */ = {
			isa = XCBuildConfiguration;
			buildSettings = {
				ALWAYS_EMBED_SWIFT_STANDARD_LIBRARIES = YES;
				CODE_SIGN_STYLE = Automatic;
				INFOPLIST_FILE = Quiz17OktNo1UITests/Info.plist;
				LD_RUNPATH_SEARCH_PATHS = "$(inherited) @executable_path/Frameworks @loader_path/Frameworks";
				PRODUCT_BUNDLE_IDENTIFIER = MI.Quiz17OktNo1UITests;
				PRODUCT_NAME = "$(TARGET_NAME)";
				SWIFT_VERSION = 4.0;
				TARGETED_DEVICE_FAMILY = "1,2";
				TEST_TARGET_NAME = Quiz17OktNo1;
			};
			name = Release;
		};
/* End XCBuildConfiguration section */

/* Begin XCConfigurationList section */
		C37E02471F95ABC100C2212F /* Build configuration list for PBXProject "Quiz17OktNo1" */ = {
			isa = XCConfigurationList;
			buildConfigurations = (
				C37E02721F95ABC200C2212F /* Debug */,
				C37E02731F95ABC200C2212F /* Release */,
			);
			defaultConfigurationIsVisible = 0;
			defaultConfigurationName = Release;
		};
		C37E02741F95ABC200C2212F /* Build configuration list for PBXNativeTarget "Quiz17OktNo1" */ = {
			isa = XCConfigurationList;
			buildConfigurations = (
				C37E02751F95ABC200C2212F /* Debug */,
				C37E02761F95ABC200C2212F /* Release */,
			);
			defaultConfigurationIsVisible = 0;
			defaultConfigurationName = Release;
		};
		C37E02771F95ABC200C2212F /* Build configuration list for PBXNativeTarget "Quiz17OktNo1Tests" */ = {
			isa = XCConfigurationList;
			buildConfigurations = (
				C37E02781F95ABC200C2212F /* Debug */,
				C37E02791F95ABC200C2212F /* Release */,
			);
			defaultConfigurationIsVisible = 0;
			defaultConfigurationName = Release;
		};
		C37E027A1F95ABC200C2212F /* Build configuration list for PBXNativeTarget "Quiz17OktNo1UITests" */ = {
			isa = XCConfigurationList;
			buildConfigurations = (
				C37E027B1F95ABC200C2212F /* Debug */,
				C37E027C1F95ABC200C2212F /* Release */,
			);
			defaultConfigurationIsVisible = 0;
			defaultConfigurationName = Release;
		};
/* End XCConfigurationList section */
	};
	rootObject = C37E02441F95ABC100C2212F /* Project object */;
}
